
Microsoft Visual Studio Solution File, Format Version 12.00
# Visual Studio Version 17
VisualStudioVersion = 17.9.34723.18
MinimumVisualStudioVersion = 10.0.40219.1
Project("{FAE04EC0-301F-11D3-BF4B-00C04F79EFBC}") = "cyberAcademy", "cyberAcademy\cyberAcademy.csproj", "{FE41E5A8-3112-4ED3-8C82-C76A9AFC5FEF}"
EndProject
Global
	GlobalSection(SolutionConfigurationPlatforms) = preSolution
		Debug|Any CPU = Debug|Any CPU
		Release|Any CPU = Release|Any CPU
	EndGlobalSection
	GlobalSection(ProjectConfigurationPlatforms) = postSolution
		{FE41E5A8-3112-4ED3-8C82-C76A9AFC5FEF}.Debug|Any CPU.ActiveCfg = Debug|Any CPU
		{FE41E5A8-3112-4ED3-8C82-C76A9AFC5FEF}.Debug|Any CPU.Build.0 = Debug|Any CPU
		{FE41E5A8-3112-4ED3-8C82-C76A9AFC5FEF}.Release|Any CPU.ActiveCfg = Release|Any CPU
		{FE41E5A8-3112-4ED3-8C82-C76A9AFC5FEF}.Release|Any CPU.Build.0 = Release|Any CPU
	EndGlobalSection
	GlobalSection(SolutionProperties) = preSolution
		HideSolutionNode = FALSE
	EndGlobalSection
	GlobalSection(ExtensibilityGlobals) = postSolution
		SolutionGuid = {6A5AC746-C035-4953-8412-7A53BBE9A962}
	EndGlobalSection
EndGlobal
